
Microsoft Visual Studio Solution File, Format Version 12.00
# Visual Studio Version 17
VisualStudioVersion = 17.11.35312.102
MinimumVisualStudioVersion = 10.0.40219.1
Project("{9A19103F-16F7-4668-BE54-9A1E7A4F7556}") = "ChartApp", "ChartApp.csproj", "{417E8E72-AD9F-4982-96D3-22B0A80075AC}"
EndProject
Project("{FAE04EC0-301F-11D3-BF4B-00C04F79EFBC}") = "ChartAppNew", "..\ChartAppNew\ChartAppNew.csproj", "{31BF8B46-9FF3-47F1-8FF4-393931568493}"
EndProject
Global
	GlobalSection(SolutionConfigurationPlatforms) = preSolution
		Debug|Any CPU = Debug|Any CPU
		Release|Any CPU = Release|Any CPU
	EndGlobalSection
	GlobalSection(ProjectConfigurationPlatforms) = postSolution
		{417E8E72-AD9F-4982-96D3-22B0A80075AC}.Debug|Any CPU.ActiveCfg = Debug|Any CPU
		{417E8E72-AD9F-4982-96D3-22B0A80075AC}.Debug|Any CPU.Build.0 = Debug|Any CPU
		{417E8E72-AD9F-4982-96D3-22B0A80075AC}.Release|Any CPU.ActiveCfg = Release|Any CPU
		{417E8E72-AD9F-4982-96D3-22B0A80075AC}.Release|Any CPU.Build.0 = Release|Any CPU
		{31BF8B46-9FF3-47F1-8FF4-393931568493}.Debug|Any CPU.ActiveCfg = Debug|Any CPU
		{31BF8B46-9FF3-47F1-8FF4-393931568493}.Debug|Any CPU.Build.0 = Debug|Any CPU
		{31BF8B46-9FF3-47F1-8FF4-393931568493}.Release|Any CPU.ActiveCfg = Release|Any CPU
		{31BF8B46-9FF3-47F1-8FF4-393931568493}.Release|Any CPU.Build.0 = Release|Any CPU
	EndGlobalSection
	GlobalSection(SolutionProperties) = preSolution
		HideSolutionNode = FALSE
	EndGlobalSection
	GlobalSection(ExtensibilityGlobals) = postSolution
		SolutionGuid = {6E4DEC90-EFD3-4E98-A6AC-9AFC649C76CC}
	EndGlobalSection
EndGlobal
